
Microsoft Visual Studio Solution File, Format Version 12.00
# Visual Studio Version 16
VisualStudioVersion = 16.0.29021.104
MinimumVisualStudioVersion = 10.0.40219.1
Project("{FAE04EC0-301F-11D3-BF4B-00C04F79EFBC}") = "Tree", "Tree\Tree.csproj", "{684F1391-1A81-4B79-88F7-669480A8E02C}"
EndProject
Global
	GlobalSection(SolutionConfigurationPlatforms) = preSolution
		Debug|Any CPU = Debug|Any CPU
		Release|Any CPU = Release|Any CPU
	EndGlobalSection
	GlobalSection(ProjectConfigurationPlatforms) = postSolution
		{684F1391-1A81-4B79-88F7-669480A8E02C}.Debug|Any CPU.ActiveCfg = Debug|Any CPU
		{684F1391-1A81-4B79-88F7-669480A8E02C}.Debug|Any CPU.Build.0 = Debug|Any CPU
		{684F1391-1A81-4B79-88F7-669480A8E02C}.Release|Any CPU.ActiveCfg = Release|Any CPU
		{684F1391-1A81-4B79-88F7-669480A8E02C}.Release|Any CPU.Build.0 = Release|Any CPU
	EndGlobalSection
	GlobalSection(SolutionProperties) = preSolution
		HideSolutionNode = FALSE
	EndGlobalSection
	GlobalSection(ExtensibilityGlobals) = postSolution
		SolutionGuid = {8BC6CC00-3C93-4E38-96FA-18DDC41D5FC3}
	EndGlobalSection
EndGlobal
